
Microsoft Visual Studio Solution File, Format Version 12.00
# Visual Studio Version 17
VisualStudioVersion = 17.0.31903.59
MinimumVisualStudioVersion = 10.0.40219.1
Project("{FAE04EC0-301F-11D3-BF4B-00C04F79EFBC}") = "AwesomeDevEvents", "AwesomeDevEvents\AwesomeDevEvents.csproj", "{18F17E37-75A3-4E46-A0A6-DEA52E9E7220}"
EndProject
Project("{FAE04EC0-301F-11D3-BF4B-00C04F79EFBC}") = "LibraryManagerConsole", "LibraryManagerConsole\LibraryManagerConsole.csproj", "{A260DBE2-7205-4504-B556-F567659A6C46}"
EndProject
Project("{FAE04EC0-301F-11D3-BF4B-00C04F79EFBC}") = "LibraryManagerApi", "LibraryManagerApi\LibraryManagerApi.csproj", "{98BB3C4C-E469-49DC-AAF1-333582E5AE5E}"
EndProject
Project("{2150E333-8FDC-42A3-9474-1A3956D46DE8}") = "DevFreela", "DevFreela", "{B4298C87-644F-46EA-A29C-74C06EC9EF23}"
EndProject
Project("{FAE04EC0-301F-11D3-BF4B-00C04F79EFBC}") = "DevFreela.Core", "DevFreela.Core\DevFreela.Core.csproj", "{7C1822DA-7C2E-4867-9B32-9B7EE9419505}"
EndProject
Project("{FAE04EC0-301F-11D3-BF4B-00C04F79EFBC}") = "DevFreela.Infrastructure", "DevFreela.Infrastructure\DevFreela.Infrastructure.csproj", "{A0B52AB9-6244-46A6-9ABA-BFD3D5556295}"
EndProject
Project("{FAE04EC0-301F-11D3-BF4B-00C04F79EFBC}") = "DevFreela.Application", "DevFreela.Application\DevFreela.Application.csproj", "{34E9E753-59E1-4676-A82B-C2970CB4209F}"
EndProject
Project("{FAE04EC0-301F-11D3-BF4B-00C04F79EFBC}") = "DevFreela.API", "DevFreela.API\DevFreela.API.csproj", "{BA2E9055-AC69-4DEE-8FD6-3D5859B40908}"
EndProject
Project("{2150E333-8FDC-42A3-9474-1A3956D46DE8}") = "BloodDonationManager", "BloodDonationManager", "{51FCE385-4732-482C-BB8C-FC2059CEA36F}"
EndProject
Project("{FAE04EC0-301F-11D3-BF4B-00C04F79EFBC}") = "BloodDonationManager.Core", "BloodDonationManager.Core\BloodDonationManager.Core.csproj", "{153EE463-DFE6-4618-80D1-0CF0F0B00E28}"
EndProject
Project("{FAE04EC0-301F-11D3-BF4B-00C04F79EFBC}") = "BloodDonationManager.Infrastructure", "BloodDonationManager.Infrastructure\BloodDonationManager.Infrastructure.csproj", "{98AA93D6-5ABD-426C-95B8-B748B77780F6}"
EndProject
Project("{FAE04EC0-301F-11D3-BF4B-00C04F79EFBC}") = "BloodDonationManager.Application", "BloodDonationManager.Application\BloodDonationManager.Application.csproj", "{70D09B3B-FD44-49B7-9E08-9B44B6B41391}"
EndProject
Project("{FAE04EC0-301F-11D3-BF4B-00C04F79EFBC}") = "BloodDonationManager.API", "BloodDonationManager.API\BloodDonationManager.API.csproj", "{A4979F50-A22E-4BDD-AE3D-2A1D4FE1495A}"
EndProject
Global
	GlobalSection(SolutionConfigurationPlatforms) = preSolution
		Debug|Any CPU = Debug|Any CPU
		Release|Any CPU = Release|Any CPU
	EndGlobalSection
	GlobalSection(SolutionProperties) = preSolution
		HideSolutionNode = FALSE
	EndGlobalSection
	GlobalSection(ProjectConfigurationPlatforms) = postSolution
		{18F17E37-75A3-4E46-A0A6-DEA52E9E7220}.Debug|Any CPU.ActiveCfg = Debug|Any CPU
		{18F17E37-75A3-4E46-A0A6-DEA52E9E7220}.Debug|Any CPU.Build.0 = Debug|Any CPU
		{18F17E37-75A3-4E46-A0A6-DEA52E9E7220}.Release|Any CPU.ActiveCfg = Release|Any CPU
		{18F17E37-75A3-4E46-A0A6-DEA52E9E7220}.Release|Any CPU.Build.0 = Release|Any CPU
		{A260DBE2-7205-4504-B556-F567659A6C46}.Debug|Any CPU.ActiveCfg = Debug|Any CPU
		{A260DBE2-7205-4504-B556-F567659A6C46}.Debug|Any CPU.Build.0 = Debug|Any CPU
		{A260DBE2-7205-4504-B556-F567659A6C46}.Release|Any CPU.ActiveCfg = Release|Any CPU
		{A260DBE2-7205-4504-B556-F567659A6C46}.Release|Any CPU.Build.0 = Release|Any CPU
		{98BB3C4C-E469-49DC-AAF1-333582E5AE5E}.Debug|Any CPU.ActiveCfg = Debug|Any CPU
		{98BB3C4C-E469-49DC-AAF1-333582E5AE5E}.Debug|Any CPU.Build.0 = Debug|Any CPU
		{98BB3C4C-E469-49DC-AAF1-333582E5AE5E}.Release|Any CPU.ActiveCfg = Release|Any CPU
		{98BB3C4C-E469-49DC-AAF1-333582E5AE5E}.Release|Any CPU.Build.0 = Release|Any CPU
		{7C1822DA-7C2E-4867-9B32-9B7EE9419505}.Debug|Any CPU.ActiveCfg = Debug|Any CPU
		{7C1822DA-7C2E-4867-9B32-9B7EE9419505}.Debug|Any CPU.Build.0 = Debug|Any CPU
		{7C1822DA-7C2E-4867-9B32-9B7EE9419505}.Release|Any CPU.ActiveCfg = Release|Any CPU
		{7C1822DA-7C2E-4867-9B32-9B7EE9419505}.Release|Any CPU.Build.0 = Release|Any CPU
		{A0B52AB9-6244-46A6-9ABA-BFD3D5556295}.Debug|Any CPU.ActiveCfg = Debug|Any CPU
		{A0B52AB9-6244-46A6-9ABA-BFD3D5556295}.Debug|Any CPU.Build.0 = Debug|Any CPU
		{A0B52AB9-6244-46A6-9ABA-BFD3D5556295}.Release|Any CPU.ActiveCfg = Release|Any CPU
		{A0B52AB9-6244-46A6-9ABA-BFD3D5556295}.Release|Any CPU.Build.0 = Release|Any CPU
		{34E9E753-59E1-4676-A82B-C2970CB4209F}.Debug|Any CPU.ActiveCfg = Debug|Any CPU
		{34E9E753-59E1-4676-A82B-C2970CB4209F}.Debug|Any CPU.Build.0 = Debug|Any CPU
		{34E9E753-59E1-4676-A82B-C2970CB4209F}.Release|Any CPU.ActiveCfg = Release|Any CPU
		{34E9E753-59E1-4676-A82B-C2970CB4209F}.Release|Any CPU.Build.0 = Release|Any CPU
		{BA2E9055-AC69-4DEE-8FD6-3D5859B40908}.Debug|Any CPU.ActiveCfg = Debug|Any CPU
		{BA2E9055-AC69-4DEE-8FD6-3D5859B40908}.Debug|Any CPU.Build.0 = Debug|Any CPU
		{BA2E9055-AC69-4DEE-8FD6-3D5859B40908}.Release|Any CPU.ActiveCfg = Release|Any CPU
		{BA2E9055-AC69-4DEE-8FD6-3D5859B40908}.Release|Any CPU.Build.0 = Release|Any CPU
		{153EE463-DFE6-4618-80D1-0CF0F0B00E28}.Debug|Any CPU.ActiveCfg = Debug|Any CPU
		{153EE463-DFE6-4618-80D1-0CF0F0B00E28}.Debug|Any CPU.Build.0 = Debug|Any CPU
		{153EE463-DFE6-4618-80D1-0CF0F0B00E28}.Release|Any CPU.ActiveCfg = Release|Any CPU
		{153EE463-DFE6-4618-80D1-0CF0F0B00E28}.Release|Any CPU.Build.0 = Release|Any CPU
		{98AA93D6-5ABD-426C-95B8-B748B77780F6}.Debug|Any CPU.ActiveCfg = Debug|Any CPU
		{98AA93D6-5ABD-426C-95B8-B748B77780F6}.Debug|Any CPU.Build.0 = Debug|Any CPU
		{98AA93D6-5ABD-426C-95B8-B748B77780F6}.Release|Any CPU.ActiveCfg = Release|Any CPU
		{98AA93D6-5ABD-426C-95B8-B748B77780F6}.Release|Any CPU.Build.0 = Release|Any CPU
		{70D09B3B-FD44-49B7-9E08-9B44B6B41391}.Debug|Any CPU.ActiveCfg = Debug|Any CPU
		{70D09B3B-FD44-49B7-9E08-9B44B6B41391}.Debug|Any CPU.Build.0 = Debug|Any CPU
		{70D09B3B-FD44-49B7-9E08-9B44B6B41391}.Release|Any CPU.ActiveCfg = Release|Any CPU
		{70D09B3B-FD44-49B7-9E08-9B44B6B41391}.Release|Any CPU.Build.0 = Release|Any CPU
		{A4979F50-A22E-4BDD-AE3D-2A1D4FE1495A}.Debug|Any CPU.ActiveCfg = Debug|Any CPU
		{A4979F50-A22E-4BDD-AE3D-2A1D4FE1495A}.Debug|Any CPU.Build.0 = Debug|Any CPU
		{A4979F50-A22E-4BDD-AE3D-2A1D4FE1495A}.Release|Any CPU.ActiveCfg = Release|Any CPU
		{A4979F50-A22E-4BDD-AE3D-2A1D4FE1495A}.Release|Any CPU.Build.0 = Release|Any CPU
	EndGlobalSection
	GlobalSection(NestedProjects) = preSolution
		{7C1822DA-7C2E-4867-9B32-9B7EE9419505} = {B4298C87-644F-46EA-A29C-74C06EC9EF23}
		{A0B52AB9-6244-46A6-9ABA-BFD3D5556295} = {B4298C87-644F-46EA-A29C-74C06EC9EF23}
		{34E9E753-59E1-4676-A82B-C2970CB4209F} = {B4298C87-644F-46EA-A29C-74C06EC9EF23}
		{BA2E9055-AC69-4DEE-8FD6-3D5859B40908} = {B4298C87-644F-46EA-A29C-74C06EC9EF23}
		{153EE463-DFE6-4618-80D1-0CF0F0B00E28} = {51FCE385-4732-482C-BB8C-FC2059CEA36F}
		{98AA93D6-5ABD-426C-95B8-B748B77780F6} = {51FCE385-4732-482C-BB8C-FC2059CEA36F}
		{70D09B3B-FD44-49B7-9E08-9B44B6B41391} = {51FCE385-4732-482C-BB8C-FC2059CEA36F}
		{A4979F50-A22E-4BDD-AE3D-2A1D4FE1495A} = {51FCE385-4732-482C-BB8C-FC2059CEA36F}
	EndGlobalSection
EndGlobal
